
Microsoft Visual Studio Solution File, Format Version 12.00
Project("{FAE04EC0-301F-11D3-BF4B-00C04F79EFBC}") = "Mason", "Mason\Mason.csproj", "{D2E83C9D-1CCA-4A0B-8AF3-36467A2229A2}"
EndProject
Global
	GlobalSection(SolutionConfigurationPlatforms) = preSolution
		Debug|Any CPU = Debug|Any CPU
		Release|Any CPU = Release|Any CPU
	EndGlobalSection
	GlobalSection(ProjectConfigurationPlatforms) = postSolution
		{D2E83C9D-1CCA-4A0B-8AF3-36467A2229A2}.Debug|Any CPU.ActiveCfg = Debug|Any CPU
		{D2E83C9D-1CCA-4A0B-8AF3-36467A2229A2}.Debug|Any CPU.Build.0 = Debug|Any CPU
		{D2E83C9D-1CCA-4A0B-8AF3-36467A2229A2}.Release|Any CPU.ActiveCfg = Release|Any CPU
		{D2E83C9D-1CCA-4A0B-8AF3-36467A2229A2}.Release|Any CPU.Build.0 = Release|Any CPU
	EndGlobalSection
EndGlobal
